
Microsoft Visual Studio Solution File, Format Version 12.00
# Visual Studio Version 16
VisualStudioVersion = 16.0.29418.71
MinimumVisualStudioVersion = 10.0.40219.1
Project("{9A19103F-16F7-4668-BE54-9A1E7A4F7556}") = "Ecommerce.Web", "Ecommerce.Web\Ecommerce.Web.csproj", "{AA7F342E-101B-44AD-BA4C-4182FA11AE8D}"
EndProject
Project("{9A19103F-16F7-4668-BE54-9A1E7A4F7556}") = "Ecommerce.Core", "Ecommerce.Core\Ecommerce.Core.csproj", "{B865493E-64BD-4DB2-89FD-8A88A16EFC0C}"
EndProject
Project("{9A19103F-16F7-4668-BE54-9A1E7A4F7556}") = "Ecommerce.Data", "Ecommerce.Data\Ecommerce.Data.csproj", "{DBED5B37-1ABE-4E2A-AB82-403CFCAD2D67}"
EndProject
Project("{FAE04EC0-301F-11D3-BF4B-00C04F79EFBC}") = "ImageUploader", "ImageUploader\ImageUploader.csproj", "{7B51AD36-02BC-4804-AE30-F80088E449BB}"
EndProject
Global
	GlobalSection(SolutionConfigurationPlatforms) = preSolution
		Debug|Any CPU = Debug|Any CPU
		Release|Any CPU = Release|Any CPU
	EndGlobalSection
	GlobalSection(ProjectConfigurationPlatforms) = postSolution
		{AA7F342E-101B-44AD-BA4C-4182FA11AE8D}.Debug|Any CPU.ActiveCfg = Debug|Any CPU
		{AA7F342E-101B-44AD-BA4C-4182FA11AE8D}.Debug|Any CPU.Build.0 = Debug|Any CPU
		{AA7F342E-101B-44AD-BA4C-4182FA11AE8D}.Release|Any CPU.ActiveCfg = Release|Any CPU
		{AA7F342E-101B-44AD-BA4C-4182FA11AE8D}.Release|Any CPU.Build.0 = Release|Any CPU
		{B865493E-64BD-4DB2-89FD-8A88A16EFC0C}.Debug|Any CPU.ActiveCfg = Debug|Any CPU
		{B865493E-64BD-4DB2-89FD-8A88A16EFC0C}.Debug|Any CPU.Build.0 = Debug|Any CPU
		{B865493E-64BD-4DB2-89FD-8A88A16EFC0C}.Release|Any CPU.ActiveCfg = Release|Any CPU
		{B865493E-64BD-4DB2-89FD-8A88A16EFC0C}.Release|Any CPU.Build.0 = Release|Any CPU
		{DBED5B37-1ABE-4E2A-AB82-403CFCAD2D67}.Debug|Any CPU.ActiveCfg = Debug|Any CPU
		{DBED5B37-1ABE-4E2A-AB82-403CFCAD2D67}.Debug|Any CPU.Build.0 = Debug|Any CPU
		{DBED5B37-1ABE-4E2A-AB82-403CFCAD2D67}.Release|Any CPU.ActiveCfg = Release|Any CPU
		{DBED5B37-1ABE-4E2A-AB82-403CFCAD2D67}.Release|Any CPU.Build.0 = Release|Any CPU
		{7B51AD36-02BC-4804-AE30-F80088E449BB}.Debug|Any CPU.ActiveCfg = Debug|Any CPU
		{7B51AD36-02BC-4804-AE30-F80088E449BB}.Debug|Any CPU.Build.0 = Debug|Any CPU
		{7B51AD36-02BC-4804-AE30-F80088E449BB}.Release|Any CPU.ActiveCfg = Release|Any CPU
		{7B51AD36-02BC-4804-AE30-F80088E449BB}.Release|Any CPU.Build.0 = Release|Any CPU
	EndGlobalSection
	GlobalSection(SolutionProperties) = preSolution
		HideSolutionNode = FALSE
	EndGlobalSection
	GlobalSection(ExtensibilityGlobals) = postSolution
		SolutionGuid = {699805AE-729E-4099-906B-50D036A5E6F3}
	EndGlobalSection
EndGlobal
