
Microsoft Visual Studio Solution File, Format Version 12.00
# Visual Studio Version 16
VisualStudioVersion = 16.0.29418.71
MinimumVisualStudioVersion = 10.0.40219.1
Project("{FAE04EC0-301F-11D3-BF4B-00C04F79EFBC}") = "StockMarket.Api3", "StockMarket.Api3\StockMarket.Api3.csproj", "{A70DCBCF-859C-4D89-8AFC-E4EEABB814D6}"
EndProject
Project("{FAE04EC0-301F-11D3-BF4B-00C04F79EFBC}") = "StockMarketApi.Store3", "StockMarketApi.Store3\StockMarketApi.Store3.csproj", "{3A10F66C-2BDB-4318-9EB3-1471AF361474}"
EndProject
Project("{FAE04EC0-301F-11D3-BF4B-00C04F79EFBC}") = "StockApi.Client", "StockApi.Client\StockApi.Client.csproj", "{BB553EF4-16CA-4730-A9DC-CCBAB5C508EF}"
EndProject
Global
	GlobalSection(SolutionConfigurationPlatforms) = preSolution
		Debug|Any CPU = Debug|Any CPU
		Release|Any CPU = Release|Any CPU
	EndGlobalSection
	GlobalSection(ProjectConfigurationPlatforms) = postSolution
		{A70DCBCF-859C-4D89-8AFC-E4EEABB814D6}.Debug|Any CPU.ActiveCfg = Debug|Any CPU
		{A70DCBCF-859C-4D89-8AFC-E4EEABB814D6}.Debug|Any CPU.Build.0 = Debug|Any CPU
		{A70DCBCF-859C-4D89-8AFC-E4EEABB814D6}.Release|Any CPU.ActiveCfg = Release|Any CPU
		{A70DCBCF-859C-4D89-8AFC-E4EEABB814D6}.Release|Any CPU.Build.0 = Release|Any CPU
		{3A10F66C-2BDB-4318-9EB3-1471AF361474}.Debug|Any CPU.ActiveCfg = Debug|Any CPU
		{3A10F66C-2BDB-4318-9EB3-1471AF361474}.Debug|Any CPU.Build.0 = Debug|Any CPU
		{3A10F66C-2BDB-4318-9EB3-1471AF361474}.Release|Any CPU.ActiveCfg = Release|Any CPU
		{3A10F66C-2BDB-4318-9EB3-1471AF361474}.Release|Any CPU.Build.0 = Release|Any CPU
		{BB553EF4-16CA-4730-A9DC-CCBAB5C508EF}.Debug|Any CPU.ActiveCfg = Debug|Any CPU
		{BB553EF4-16CA-4730-A9DC-CCBAB5C508EF}.Debug|Any CPU.Build.0 = Debug|Any CPU
		{BB553EF4-16CA-4730-A9DC-CCBAB5C508EF}.Release|Any CPU.ActiveCfg = Release|Any CPU
		{BB553EF4-16CA-4730-A9DC-CCBAB5C508EF}.Release|Any CPU.Build.0 = Release|Any CPU
	EndGlobalSection
	GlobalSection(SolutionProperties) = preSolution
		HideSolutionNode = FALSE
	EndGlobalSection
	GlobalSection(ExtensibilityGlobals) = postSolution
		SolutionGuid = {92D3083C-7846-47C0-A679-3A434A79ACB1}
	EndGlobalSection
EndGlobal
