
Microsoft Visual Studio Solution File, Format Version 12.00
# Visual Studio Version 16
VisualStudioVersion = 16.0.29102.190
MinimumVisualStudioVersion = 10.0.40219.1
Project("{9A19103F-16F7-4668-BE54-9A1E7A4F7556}") = "webapiservice", "webapiservice\webapiservice.csproj", "{C7EDE298-012E-40B8-8B37-41C3F1FAC536}"
EndProject
Project("{9A19103F-16F7-4668-BE54-9A1E7A4F7556}") = "WebApi.Core", "WebApi.Core\WebApi.Core.csproj", "{7046011B-DE13-485D-AC46-8717F4387595}"
EndProject
Project("{9A19103F-16F7-4668-BE54-9A1E7A4F7556}") = "WebApi.Store", "WebApi.Store\WebApi.Store.csproj", "{22DBEE18-2443-477A-A491-1D3667682A2D}"
EndProject
Project("{9A19103F-16F7-4668-BE54-9A1E7A4F7556}") = "WebApi.Client", "WebApi.Client\WebApi.Client.csproj", "{ADA2E1A8-0FF2-42C6-910F-9315CB831D86}"
EndProject
Project("{FAE04EC0-301F-11D3-BF4B-00C04F79EFBC}") = "Webapi.Test", "Webapi.Test\Webapi.Test.csproj", "{8B79CBD7-E77C-4403-8731-C91A4EA6FD85}"
EndProject
Global
	GlobalSection(SolutionConfigurationPlatforms) = preSolution
		Debug|Any CPU = Debug|Any CPU
		Release|Any CPU = Release|Any CPU
	EndGlobalSection
	GlobalSection(ProjectConfigurationPlatforms) = postSolution
		{C7EDE298-012E-40B8-8B37-41C3F1FAC536}.Debug|Any CPU.ActiveCfg = Debug|Any CPU
		{C7EDE298-012E-40B8-8B37-41C3F1FAC536}.Debug|Any CPU.Build.0 = Debug|Any CPU
		{C7EDE298-012E-40B8-8B37-41C3F1FAC536}.Release|Any CPU.ActiveCfg = Release|Any CPU
		{C7EDE298-012E-40B8-8B37-41C3F1FAC536}.Release|Any CPU.Build.0 = Release|Any CPU
		{7046011B-DE13-485D-AC46-8717F4387595}.Debug|Any CPU.ActiveCfg = Debug|Any CPU
		{7046011B-DE13-485D-AC46-8717F4387595}.Debug|Any CPU.Build.0 = Debug|Any CPU
		{7046011B-DE13-485D-AC46-8717F4387595}.Release|Any CPU.ActiveCfg = Release|Any CPU
		{7046011B-DE13-485D-AC46-8717F4387595}.Release|Any CPU.Build.0 = Release|Any CPU
		{22DBEE18-2443-477A-A491-1D3667682A2D}.Debug|Any CPU.ActiveCfg = Debug|Any CPU
		{22DBEE18-2443-477A-A491-1D3667682A2D}.Debug|Any CPU.Build.0 = Debug|Any CPU
		{22DBEE18-2443-477A-A491-1D3667682A2D}.Release|Any CPU.ActiveCfg = Release|Any CPU
		{22DBEE18-2443-477A-A491-1D3667682A2D}.Release|Any CPU.Build.0 = Release|Any CPU
		{ADA2E1A8-0FF2-42C6-910F-9315CB831D86}.Debug|Any CPU.ActiveCfg = Debug|Any CPU
		{ADA2E1A8-0FF2-42C6-910F-9315CB831D86}.Debug|Any CPU.Build.0 = Debug|Any CPU
		{ADA2E1A8-0FF2-42C6-910F-9315CB831D86}.Release|Any CPU.ActiveCfg = Release|Any CPU
		{ADA2E1A8-0FF2-42C6-910F-9315CB831D86}.Release|Any CPU.Build.0 = Release|Any CPU
		{8B79CBD7-E77C-4403-8731-C91A4EA6FD85}.Debug|Any CPU.ActiveCfg = Debug|Any CPU
		{8B79CBD7-E77C-4403-8731-C91A4EA6FD85}.Debug|Any CPU.Build.0 = Debug|Any CPU
		{8B79CBD7-E77C-4403-8731-C91A4EA6FD85}.Release|Any CPU.ActiveCfg = Release|Any CPU
		{8B79CBD7-E77C-4403-8731-C91A4EA6FD85}.Release|Any CPU.Build.0 = Release|Any CPU
	EndGlobalSection
	GlobalSection(SolutionProperties) = preSolution
		HideSolutionNode = FALSE
	EndGlobalSection
	GlobalSection(ExtensibilityGlobals) = postSolution
		SolutionGuid = {FD30B1EB-1D4D-4012-BA73-F078DFFBC877}
	EndGlobalSection
EndGlobal
